
Microsoft Visual Studio Solution File, Format Version 12.00
# Visual Studio Version 17
VisualStudioVersion = 17.3.32929.385
MinimumVisualStudioVersion = 10.0.40219.1
Project("{9A19103F-16F7-4668-BE54-9A1E7A4F7556}") = "AESWPF", "AESWPF\AESWPF.csproj", "{05DE96F1-B980-4AB7-B8B1-77B263647269}"
	ProjectSection(ProjectDependencies) = postProject
		{0BFA0BB9-7B69-4387-81A4-40E00E87EE9C} = {0BFA0BB9-7B69-4387-81A4-40E00E87EE9C}
		{511B40E2-DE1B-4C49-9037-11247764B2BA} = {511B40E2-DE1B-4C49-9037-11247764B2BA}
	EndProjectSection
EndProject
Project("{8BC9CEB8-8B4A-11D0-8D11-00A0C91BC942}") = "AESasm", "AESasm\AESasm.vcxproj", "{0BFA0BB9-7B69-4387-81A4-40E00E87EE9C}"
EndProject
Project("{8BC9CEB8-8B4A-11D0-8D11-00A0C91BC942}") = "AEScpp", "AEScpp\AEScpp.vcxproj", "{511B40E2-DE1B-4C49-9037-11247764B2BA}"
EndProject
Global
	GlobalSection(SolutionConfigurationPlatforms) = preSolution
		Debug|Any CPU = Debug|Any CPU
		Debug|x64 = Debug|x64
		Debug|x86 = Debug|x86
		Release|Any CPU = Release|Any CPU
		Release|x64 = Release|x64
		Release|x86 = Release|x86
	EndGlobalSection
	GlobalSection(ProjectConfigurationPlatforms) = postSolution
		{05DE96F1-B980-4AB7-B8B1-77B263647269}.Debug|Any CPU.ActiveCfg = Debug|Any CPU
		{05DE96F1-B980-4AB7-B8B1-77B263647269}.Debug|Any CPU.Build.0 = Debug|Any CPU
		{05DE96F1-B980-4AB7-B8B1-77B263647269}.Debug|x64.ActiveCfg = Debug|x64
		{05DE96F1-B980-4AB7-B8B1-77B263647269}.Debug|x64.Build.0 = Debug|x64
		{05DE96F1-B980-4AB7-B8B1-77B263647269}.Debug|x86.ActiveCfg = Debug|Any CPU
		{05DE96F1-B980-4AB7-B8B1-77B263647269}.Debug|x86.Build.0 = Debug|Any CPU
		{05DE96F1-B980-4AB7-B8B1-77B263647269}.Release|Any CPU.ActiveCfg = Release|Any CPU
		{05DE96F1-B980-4AB7-B8B1-77B263647269}.Release|Any CPU.Build.0 = Release|Any CPU
		{05DE96F1-B980-4AB7-B8B1-77B263647269}.Release|x64.ActiveCfg = Release|x64
		{05DE96F1-B980-4AB7-B8B1-77B263647269}.Release|x64.Build.0 = Release|x64
		{05DE96F1-B980-4AB7-B8B1-77B263647269}.Release|x86.ActiveCfg = Release|Any CPU
		{05DE96F1-B980-4AB7-B8B1-77B263647269}.Release|x86.Build.0 = Release|Any CPU
		{0BFA0BB9-7B69-4387-81A4-40E00E87EE9C}.Debug|Any CPU.ActiveCfg = Debug|x64
		{0BFA0BB9-7B69-4387-81A4-40E00E87EE9C}.Debug|Any CPU.Build.0 = Debug|x64
		{0BFA0BB9-7B69-4387-81A4-40E00E87EE9C}.Debug|x64.ActiveCfg = Debug|x64
		{0BFA0BB9-7B69-4387-81A4-40E00E87EE9C}.Debug|x64.Build.0 = Debug|x64
		{0BFA0BB9-7B69-4387-81A4-40E00E87EE9C}.Debug|x86.ActiveCfg = Debug|Win32
		{0BFA0BB9-7B69-4387-81A4-40E00E87EE9C}.Debug|x86.Build.0 = Debug|Win32
		{0BFA0BB9-7B69-4387-81A4-40E00E87EE9C}.Release|Any CPU.ActiveCfg = Release|x64
		{0BFA0BB9-7B69-4387-81A4-40E00E87EE9C}.Release|Any CPU.Build.0 = Release|x64
		{0BFA0BB9-7B69-4387-81A4-40E00E87EE9C}.Release|x64.ActiveCfg = Release|x64
		{0BFA0BB9-7B69-4387-81A4-40E00E87EE9C}.Release|x64.Build.0 = Release|x64
		{0BFA0BB9-7B69-4387-81A4-40E00E87EE9C}.Release|x86.ActiveCfg = Release|Win32
		{0BFA0BB9-7B69-4387-81A4-40E00E87EE9C}.Release|x86.Build.0 = Release|Win32
		{511B40E2-DE1B-4C49-9037-11247764B2BA}.Debug|Any CPU.ActiveCfg = Debug|x64
		{511B40E2-DE1B-4C49-9037-11247764B2BA}.Debug|Any CPU.Build.0 = Debug|x64
		{511B40E2-DE1B-4C49-9037-11247764B2BA}.Debug|x64.ActiveCfg = Debug|x64
		{511B40E2-DE1B-4C49-9037-11247764B2BA}.Debug|x64.Build.0 = Debug|x64
		{511B40E2-DE1B-4C49-9037-11247764B2BA}.Debug|x86.ActiveCfg = Debug|Win32
		{511B40E2-DE1B-4C49-9037-11247764B2BA}.Debug|x86.Build.0 = Debug|Win32
		{511B40E2-DE1B-4C49-9037-11247764B2BA}.Release|Any CPU.ActiveCfg = Release|x64
		{511B40E2-DE1B-4C49-9037-11247764B2BA}.Release|Any CPU.Build.0 = Release|x64
		{511B40E2-DE1B-4C49-9037-11247764B2BA}.Release|x64.ActiveCfg = Release|x64
		{511B40E2-DE1B-4C49-9037-11247764B2BA}.Release|x64.Build.0 = Release|x64
		{511B40E2-DE1B-4C49-9037-11247764B2BA}.Release|x86.ActiveCfg = Release|Win32
		{511B40E2-DE1B-4C49-9037-11247764B2BA}.Release|x86.Build.0 = Release|Win32
	EndGlobalSection
	GlobalSection(SolutionProperties) = preSolution
		HideSolutionNode = FALSE
	EndGlobalSection
	GlobalSection(ExtensibilityGlobals) = postSolution
		SolutionGuid = {83207F6C-D115-43B7-9DAC-B531E695F9F2}
	EndGlobalSection
EndGlobal
